// !$*UTF8*$!
{
	archiveVersion = 1;
	classes = {
	};
	objectVersion = 51;
	objects = {

/* Begin PBXBuildFile section */
		26E1D6CEDB000DFD7EE5CBC9 /* Pods_NewTableApp.framework in Frameworks */ = {isa = PBXBuildFile; fileRef = B7889597B82540FA3DC1B631 /* Pods_NewTableApp.framework */; };
		EF748154254368E6005E090D /* AppDelegate.swift in Sources */ = {isa = PBXBuildFile; fileRef = EF748153254368E6005E090D /* AppDelegate.swift */; };
		EF748156254368E6005E090D /* SceneDelegate.swift in Sources */ = {isa = PBXBuildFile; fileRef = EF748155254368E6005E090D /* SceneDelegate.swift */; };
		EF748158254368E6005E090D /* ViewController.swift in Sources */ = {isa = PBXBuildFile; fileRef = EF748157254368E6005E090D /* ViewController.swift */; };
		EF74815B254368E6005E090D /* Main.storyboard in Resources */ = {isa = PBXBuildFile; fileRef = EF748159254368E6005E090D /* Main.storyboard */; };
		EF74815D254368E7005E090D /* Assets.xcassets in Resources */ = {isa = PBXBuildFile; fileRef = EF74815C254368E7005E090D /* Assets.xcassets */; };
		EF748160254368E7005E090D /* LaunchScreen.storyboard in Resources */ = {isa = PBXBuildFile; fileRef = EF74815E254368E7005E090D /* LaunchScreen.storyboard */; };
/* End PBXBuildFile section */

/* Begin PBXFileReference section */
		8C8CB87F885E7DA6D422D095 /* Pods-NewTableApp.debug.xcconfig */ = {isa = PBXFileReference; includeInIndex = 1; lastKnownFileType = text.xcconfig; name = "Pods-NewTableApp.debug.xcconfig"; path = "Target Support Files/Pods-NewTableApp/Pods-NewTableApp.debug.xcconfig"; sourceTree = "<group>"; };
		B7889597B82540FA3DC1B631 /* Pods_NewTableApp.framework */ = {isa = PBXFileReference; explicitFileType = wrapper.framework; includeInIndex = 0; path = Pods_NewTableApp.framework; sourceTree = BUILT_PRODUCTS_DIR; };
		E7ADC8B120E07E0A6736991B /* Pods-NewTableApp.release.xcconfig */ = {isa = PBXFileReference; includeInIndex = 1; lastKnownFileType = text.xcconfig; name = "Pods-NewTableApp.release.xcconfig"; path = "Target Support Files/Pods-NewTableApp/Pods-NewTableApp.release.xcconfig"; sourceTree = "<group>"; };
		EF748150254368E5005E090D /* NewTableApp.app */ = {isa = PBXFileReference; explicitFileType = wrapper.application; includeInIndex = 0; path = NewTableApp.app; sourceTree = BUILT_PRODUCTS_DIR; };
		EF748153254368E6005E090D /* AppDelegate.swift */ = {isa = PBXFileReference; lastKnownFileType = sourcecode.swift; path = AppDelegate.swift; sourceTree = "<group>"; };
		EF748155254368E6005E090D /* SceneDelegate.swift */ = {isa = PBXFileReference; lastKnownFileType = sourcecode.swift; path = SceneDelegate.swift; sourceTree = "<group>"; };
		EF748157254368E6005E090D /* ViewController.swift */ = {isa = PBXFileReference; lastKnownFileType = sourcecode.swift; path = ViewController.swift; sourceTree = "<group>"; };
		EF74815A254368E6005E090D /* Base */ = {isa = PBXFileReference; lastKnownFileType = file.storyboard; name = Base; path = Base.lproj/Main.storyboard; sourceTree = "<group>"; };
		EF74815C254368E7005E090D /* Assets.xcassets */ = {isa = PBXFileReference; lastKnownFileType = folder.assetcatalog; path = Assets.xcassets; sourceTree = "<group>"; };
		EF74815F254368E7005E090D /* Base */ = {isa = PBXFileReference; lastKnownFileType = file.storyboard; name = Base; path = Base.lproj/LaunchScreen.storyboard; sourceTree = "<group>"; };
		EF748161254368E7005E090D /* Info.plist */ = {isa = PBXFileReference; lastKnownFileType = text.plist.xml; path = Info.plist; sourceTree = "<group>"; };
/* End PBXFileReference section */

/* Begin PBXFrameworksBuildPhase section */
		EF74814D254368E5005E090D /* Frameworks */ = {
			isa = PBXFrameworksBuildPhase;
			buildActionMask = 2147483647;
			files = (
				26E1D6CEDB000DFD7EE5CBC9 /* Pods_NewTableApp.framework in Frameworks */,
			);
			runOnlyForDeploymentPostprocessing = 0;
		};
/* End PBXFrameworksBuildPhase section */

/* Begin PBXGroup section */
		1A24A54DAFF5C8B28865959C /* Frameworks */ = {
			isa = PBXGroup;
			children = (
				B7889597B82540FA3DC1B631 /* Pods_NewTableApp.framework */,
			);
			name = Frameworks;
			sourceTree = "<group>";
		};
		EF748147254368E5005E090D = {
			isa = PBXGroup;
			children = (
				EF748152254368E5005E090D /* NewTableApp */,
				EF748151254368E5005E090D /* Products */,
				F723F2894BEEE1C57C378D59 /* Pods */,
				1A24A54DAFF5C8B28865959C /* Frameworks */,
			);
			sourceTree = "<group>";
		};
		EF748151254368E5005E090D /* Products */ = {
			isa = PBXGroup;
			children = (
				EF748150254368E5005E090D /* NewTableApp.app */,
			);
			name = Products;
			sourceTree = "<group>";
		};
		EF748152254368E5005E090D /* NewTableApp */ = {
			isa = PBXGroup;
			children = (
				EF748153254368E6005E090D /* AppDelegate.swift */,
				EF748155254368E6005E090D /* SceneDelegate.swift */,
				EF748157254368E6005E090D /* ViewController.swift */,
				EF748159254368E6005E090D /* Main.storyboard */,
				EF74815C254368E7005E090D /* Assets.xcassets */,
				EF74815E254368E7005E090D /* LaunchScreen.storyboard */,
				EF748161254368E7005E090D /* Info.plist */,
			);
			path = NewTableApp;
			sourceTree = "<group>";
		};
		F723F2894BEEE1C57C378D59 /* Pods */ = {
			isa = PBXGroup;
			children = (
				8C8CB87F885E7DA6D422D095 /* Pods-NewTableApp.debug.xcconfig */,
				E7ADC8B120E07E0A6736991B /* Pods-NewTableApp.release.xcconfig */,
			);
			path = Pods;
			sourceTree = "<group>";
		};
/* End PBXGroup section */

/* Begin PBXNativeTarget section */
		EF74814F254368E5005E090D /* NewTableApp */ = {
			isa = PBXNativeTarget;
			buildConfigurationList = EF748164254368E7005E090D /* Build configuration list for PBXNativeTarget "NewTableApp" */;
			buildPhases = (
				64B170A89B3D1A18AA211C49 /* [CP] Check Pods Manifest.lock */,
				EF74814C254368E5005E090D /* Sources */,
				EF74814D254368E5005E090D /* Frameworks */,
				EF74814E254368E5005E090D /* Resources */,
				8B7518E4BDBC8DF5C2C4D1AF /* [CP] Embed Pods Frameworks */,
			);
			buildRules = (
			);
			dependencies = (
			);
			name = NewTableApp;
			productName = NewTableApp;
			productReference = EF748150254368E5005E090D /* NewTableApp.app */;
			productType = "com.apple.product-type.application";
		};
/* End PBXNativeTarget section */

/* Begin PBXProject section */
		EF748148254368E5005E090D /* Project object */ = {
			isa = PBXProject;
			attributes = {
				LastSwiftUpdateCheck = 1200;
				LastUpgradeCheck = 1200;
				TargetAttributes = {
					EF74814F254368E5005E090D = {
						CreatedOnToolsVersion = 12.0.1;
					};
				};
			};
			buildConfigurationList = EF74814B254368E5005E090D /* Build configuration list for PBXProject "NewTableApp" */;
			compatibilityVersion = "Xcode 9.3";
			developmentRegion = en;
			hasScannedForEncodings = 0;
			knownRegions = (
				en,
				Base,
			);
			mainGroup = EF748147254368E5005E090D;
			productRefGroup = EF748151254368E5005E090D /* Products */;
			projectDirPath = "";
			projectRoot = "";
			targets = (
				EF74814F254368E5005E090D /* NewTableApp */,
			);
		};
/* End PBXProject section */

/* Begin PBXResourcesBuildPhase section */
		EF74814E254368E5005E090D /* Resources */ = {
			isa = PBXResourcesBuildPhase;
			buildActionMask = 2147483647;
			files = (
				EF748160254368E7005E090D /* LaunchScreen.storyboard in Resources */,
				EF74815D254368E7005E090D /* Assets.xcassets in Resources */,
				EF74815B254368E6005E090D /* Main.storyboard in Resources */,
			);
			runOnlyForDeploymentPostprocessing = 0;
		};
/* End PBXResourcesBuildPhase section */

/* Begin PBXShellScriptBuildPhase section */
		64B170A89B3D1A18AA211C49 /* [CP] Check Pods Manifest.lock */ = {
			isa = PBXShellScriptBuildPhase;
			buildActionMask = 2147483647;
			files = (
			);
			inputFileListPaths = (
			);
			inputPaths = (
				"${PODS_PODFILE_DIR_PATH}/Podfile.lock",
				"${PODS_ROOT}/Manifest.lock",
			);
			name = "[CP] Check Pods Manifest.lock";
			outputFileListPaths = (
			);
			outputPaths = (
				"$(DERIVED_FILE_DIR)/Pods-NewTableApp-checkManifestLockResult.txt",
			);
			runOnlyForDeploymentPostprocessing = 0;
			shellPath = /bin/sh;
			shellScript = "diff \"${PODS_PODFILE_DIR_PATH}/Podfile.lock\" \"${PODS_ROOT}/Manifest.lock\" > /dev/null\nif [ $? != 0 ] ; then\n    # print error to STDERR\n    echo \"error: The sandbox is not in sync with the Podfile.lock. Run 'pod install' or update your CocoaPods installation.\" >&2\n    exit 1\nfi\n# This output is used by Xcode 'outputs' to avoid re-running this script phase.\necho \"SUCCESS\" > \"${SCRIPT_OUTPUT_FILE_0}\"\n";
			showEnvVarsInLog = 0;
		};
		8B7518E4BDBC8DF5C2C4D1AF /* [CP] Embed Pods Frameworks */ = {
			isa = PBXShellScriptBuildPhase;
			buildActionMask = 2147483647;
			files = (
			);
			inputFileListPaths = (
				"${PODS_ROOT}/Target Support Files/Pods-NewTableApp/Pods-NewTableApp-frameworks-${CONFIGURATION}-input-files.xcfilelist",
			);
			name = "[CP] Embed Pods Frameworks";
			outputFileListPaths = (
				"${PODS_ROOT}/Target Support Files/Pods-NewTableApp/Pods-NewTableApp-frameworks-${CONFIGURATION}-output-files.xcfilelist",
			);
			runOnlyForDeploymentPostprocessing = 0;
			shellPath = /bin/sh;
			shellScript = "\"${PODS_ROOT}/Target Support Files/Pods-NewTableApp/Pods-NewTableApp-frameworks.sh\"\n";
			showEnvVarsInLog = 0;
		};
/* End PBXShellScriptBuildPhase section */

/* Begin PBXSourcesBuildPhase section */
		EF74814C254368E5005E090D /* Sources */ = {
			isa = PBXSourcesBuildPhase;
			buildActionMask = 2147483647;
			files = (
				EF748158254368E6005E090D /* ViewController.swift in Sources */,
				EF748154254368E6005E090D /* AppDelegate.swift in Sources */,
				EF748156254368E6005E090D /* SceneDelegate.swift in Sources */,
			);
			runOnlyForDeploymentPostprocessing = 0;
		};
/* End PBXSourcesBuildPhase section */

/* Begin PBXVariantGroup section */
		EF748159254368E6005E090D /* Main.storyboard */ = {
			isa = PBXVariantGroup;
			children = (
				EF74815A254368E6005E090D /* Base */,
			);
			name = Main.storyboard;
			sourceTree = "<group>";
		};
		EF74815E254368E7005E090D /* LaunchScreen.storyboard */ = {
			isa = PBXVariantGroup;
			children = (
				EF74815F254368E7005E090D /* Base */,
			);
			name = LaunchScreen.storyboard;
			sourceTree = "<group>";
		};
/* End PBXVariantGroup section */

/* Begin XCBuildConfiguration section */
		EF748162254368E7005E090D /* Debug */ = {
			isa = XCBuildConfiguration;
			buildSettings = {
				ALWAYS_SEARCH_USER_PATHS = NO;
				CLANG_ANALYZER_NONNULL = YES;
				CLANG_ANALYZER_NUMBER_OBJECT_CONVERSION = YES_AGGRESSIVE;
				CLANG_CXX_LANGUAGE_STANDARD = "gnu++14";
				CLANG_CXX_LIBRARY = "libc++";
				CLANG_ENABLE_MODULES = YES;
				CLANG_ENABLE_OBJC_ARC = YES;
				CLANG_ENABLE_OBJC_WEAK = YES;
				CLANG_WARN_BLOCK_CAPTURE_AUTORELEASING = YES;
				CLANG_WARN_BOOL_CONVERSION = YES;
				CLANG_WARN_COMMA = YES;
				CLANG_WARN_CONSTANT_CONVERSION = YES;
				CLANG_WARN_DEPRECATED_OBJC_IMPLEMENTATIONS = YES;
				CLANG_WARN_DIRECT_OBJC_ISA_USAGE = YES_ERROR;
				CLANG_WARN_DOCUMENTATION_COMMENTS = YES;
				CLANG_WARN_EMPTY_BODY = YES;
				CLANG_WARN_ENUM_CONVERSION = YES;
				CLANG_WARN_INFINITE_RECURSION = YES;
				CLANG_WARN_INT_CONVERSION = YES;
				CLANG_WARN_NON_LITERAL_NULL_CONVERSION = YES;
				CLANG_WARN_OBJC_IMPLICIT_RETAIN_SELF = YES;
				CLANG_WARN_OBJC_LITERAL_CONVERSION = YES;
				CLANG_WARN_OBJC_ROOT_CLASS = YES_ERROR;
				CLANG_WARN_QUOTED_INCLUDE_IN_FRAMEWORK_HEADER = YES;
				CLANG_WARN_RANGE_LOOP_ANALYSIS = YES;
				CLANG_WARN_STRICT_PROTOTYPES = YES;
				CLANG_WARN_SUSPICIOUS_MOVE = YES;
				CLANG_WARN_UNGUARDED_AVAILABILITY = YES_AGGRESSIVE;
				CLANG_WARN_UNREACHABLE_CODE = YES;
				CLANG_WARN__DUPLICATE_METHOD_MATCH = YES;
				COPY_PHASE_STRIP = NO;
				DEBUG_INFORMATION_FORMAT = dwarf;
				ENABLE_STRICT_OBJC_MSGSEND = YES;
				ENABLE_TESTABILITY = YES;
				GCC_C_LANGUAGE_STANDARD = gnu11;
				GCC_DYNAMIC_NO_PIC = NO;
				GCC_NO_COMMON_BLOCKS = YES;
				GCC_OPTIMIZATION_LEVEL = 0;
				GCC_PREPROCESSOR_DEFINITIONS = (
					"DEBUG=1",
					"$(inherited)",
				);
				GCC_WARN_64_TO_32_BIT_CONVERSION = YES;
				GCC_WARN_ABOUT_RETURN_TYPE = YES_ERROR;
				GCC_WARN_UNDECLARED_SELECTOR = YES;
				GCC_WARN_UNINITIALIZED_AUTOS = YES_AGGRESSIVE;
				GCC_WARN_UNUSED_FUNCTION = YES;
				GCC_WARN_UNUSED_VARIABLE = YES;
				IPHONEOS_DEPLOYMENT_TARGET = 14.0;
				MTL_ENABLE_DEBUG_INFO = INCLUDE_SOURCE;
				MTL_FAST_MATH = YES;
				ONLY_ACTIVE_ARCH = YES;
				SDKROOT = iphoneos;
				SWIFT_ACTIVE_COMPILATION_CONDITIONS = DEBUG;
				SWIFT_OPTIMIZATION_LEVEL = "-Onone";
			};
			name = Debug;
		};
		EF748163254368E7005E090D /* Release */ = {
			isa = XCBuildConfiguration;
			buildSettings = {
				ALWAYS_SEARCH_USER_PATHS = NO;
				CLANG_ANALYZER_NONNULL = YES;
				CLANG_ANALYZER_NUMBER_OBJECT_CONVERSION = YES_AGGRESSIVE;
				CLANG_CXX_LANGUAGE_STANDARD = "gnu++14";
				CLANG_CXX_LIBRARY = "libc++";
				CLANG_ENABLE_MODULES = YES;
				CLANG_ENABLE_OBJC_ARC = YES;
				CLANG_ENABLE_OBJC_WEAK = YES;
				CLANG_WARN_BLOCK_CAPTURE_AUTORELEASING = YES;
				CLANG_WARN_BOOL_CONVERSION = YES;
				CLANG_WARN_COMMA = YES;
				CLANG_WARN_CONSTANT_CONVERSION = YES;
				CLANG_WARN_DEPRECATED_OBJC_IMPLEMENTATIONS = YES;
				CLANG_WARN_DIRECT_OBJC_ISA_USAGE = YES_ERROR;
				CLANG_WARN_DOCUMENTATION_COMMENTS = YES;
				CLANG_WARN_EMPTY_BODY = YES;
				CLANG_WARN_ENUM_CONVERSION = YES;
				CLANG_WARN_INFINITE_RECURSION = YES;
				CLANG_WARN_INT_CONVERSION = YES;
				CLANG_WARN_NON_LITERAL_NULL_CONVERSION = YES;
				CLANG_WARN_OBJC_IMPLICIT_RETAIN_SELF = YES;
				CLANG_WARN_OBJC_LITERAL_CONVERSION = YES;
				CLANG_WARN_OBJC_ROOT_CLASS = YES_ERROR;
				CLANG_WARN_QUOTED_INCLUDE_IN_FRAMEWORK_HEADER = YES;
				CLANG_WARN_RANGE_LOOP_ANALYSIS = YES;
				CLANG_WARN_STRICT_PROTOTYPES = YES;
				CLANG_WARN_SUSPICIOUS_MOVE = YES;
				CLANG_WARN_UNGUARDED_AVAILABILITY = YES_AGGRESSIVE;
				CLANG_WARN_UNREACHABLE_CODE = YES;
				CLANG_WARN__DUPLICATE_METHOD_MATCH = YES;
				COPY_PHASE_STRIP = NO;
				DEBUG_INFORMATION_FORMAT = "dwarf-with-dsym";
				ENABLE_NS_ASSERTIONS = NO;
				ENABLE_STRICT_OBJC_MSGSEND = YES;
				GCC_C_LANGUAGE_STANDARD = gnu11;
				GCC_NO_COMMON_BLOCKS = YES;
				GCC_WARN_64_TO_32_BIT_CONVERSION = YES;
				GCC_WARN_ABOUT_RETURN_TYPE = YES_ERROR;
				GCC_WARN_UNDECLARED_SELECTOR = YES;
				GCC_WARN_UNINITIALIZED_AUTOS = YES_AGGRESSIVE;
				GCC_WARN_UNUSED_FUNCTION = YES;
				GCC_WARN_UNUSED_VARIABLE = YES;
				IPHONEOS_DEPLOYMENT_TARGET = 14.0;
				MTL_ENABLE_DEBUG_INFO = NO;
				MTL_FAST_MATH = YES;
				SDKROOT = iphoneos;
				SWIFT_COMPILATION_MODE = wholemodule;
				SWIFT_OPTIMIZATION_LEVEL = "-O";
				VALIDATE_PRODUCT = YES;
			};
			name = Release;
		};
		EF748165254368E7005E090D /* Debug */ = {
			isa = XCBuildConfiguration;
			baseConfigurationReference = 8C8CB87F885E7DA6D422D095 /* Pods-NewTableApp.debug.xcconfig */;
			buildSettings = {
				ASSETCATALOG_COMPILER_APPICON_NAME = AppIcon;
				ASSETCATALOG_COMPILER_GLOBAL_ACCENT_COLOR_NAME = AccentColor;
				CODE_SIGN_STYLE = Automatic;
				DEVELOPMENT_TEAM = BBA29J62MS;
				INFOPLIST_FILE = NewTableApp/Info.plist;
				LD_RUNPATH_SEARCH_PATHS = (
					"$(inherited)",
					"@executable_path/Frameworks",
				);
				PRODUCT_BUNDLE_IDENTIFIER = com.MaksimRomanov.NewTableApp;
				PRODUCT_NAME = "$(TARGET_NAME)";
				SWIFT_VERSION = 5.0;
				TARGETED_DEVICE_FAMILY = "1,2";
			};
			name = Debug;
		};
		EF748166254368E7005E090D /* Release */ = {
			isa = XCBuildConfiguration;
			baseConfigurationReference = E7ADC8B120E07E0A6736991B /* Pods-NewTableApp.release.xcconfig */;
			buildSettings = {
				ASSETCATALOG_COMPILER_APPICON_NAME = AppIcon;
				ASSETCATALOG_COMPILER_GLOBAL_ACCENT_COLOR_NAME = AccentColor;
				CODE_SIGN_STYLE = Automatic;
				DEVELOPMENT_TEAM = BBA29J62MS;
				INFOPLIST_FILE = NewTableApp/Info.plist;
				LD_RUNPATH_SEARCH_PATHS = (
					"$(inherited)",
					"@executable_path/Frameworks",
				);
				PRODUCT_BUNDLE_IDENTIFIER = com.MaksimRomanov.NewTableApp;
				PRODUCT_NAME = "$(TARGET_NAME)";
				SWIFT_VERSION = 5.0;
				TARGETED_DEVICE_FAMILY = "1,2";
			};
			name = Release;
		};
/* End XCBuildConfiguration section */

/* Begin XCConfigurationList section */
		EF74814B254368E5005E090D /* Build configuration list for PBXProject "NewTableApp" */ = {
			isa = XCConfigurationList;
			buildConfigurations = (
				EF748162254368E7005E090D /* Debug */,
				EF748163254368E7005E090D /* Release */,
			);
			defaultConfigurationIsVisible = 0;
			defaultConfigurationName = Release;
		};
		EF748164254368E7005E090D /* Build configuration list for PBXNativeTarget "NewTableApp" */ = {
			isa = XCConfigurationList;
			buildConfigurations = (
				EF748165254368E7005E090D /* Debug */,
				EF748166254368E7005E090D /* Release */,
			);
			defaultConfigurationIsVisible = 0;
			defaultConfigurationName = Release;
		};
/* End XCConfigurationList section */
	};
	rootObject = EF748148254368E5005E090D /* Project object */;
}
